
Microsoft Visual Studio Solution File, Format Version 12.00
# Visual Studio 15
VisualStudioVersion = 15.0.28010.2041
MinimumVisualStudioVersion = 10.0.40219.1
Project("{FAE04EC0-301F-11D3-BF4B-00C04F79EFBC}") = "Uppgift_Tania", "Uppgift_Tania\Uppgift_Tania.csproj", "{3AB8B13C-7CE1-4ACC-A24F-F717F593B07A}"
EndProject
Global
	GlobalSection(SolutionConfigurationPlatforms) = preSolution
		Debug|Any CPU = Debug|Any CPU
		Release|Any CPU = Release|Any CPU
	EndGlobalSection
	GlobalSection(ProjectConfigurationPlatforms) = postSolution
		{3AB8B13C-7CE1-4ACC-A24F-F717F593B07A}.Debug|Any CPU.ActiveCfg = Debug|Any CPU
		{3AB8B13C-7CE1-4ACC-A24F-F717F593B07A}.Debug|Any CPU.Build.0 = Debug|Any CPU
		{3AB8B13C-7CE1-4ACC-A24F-F717F593B07A}.Release|Any CPU.ActiveCfg = Release|Any CPU
		{3AB8B13C-7CE1-4ACC-A24F-F717F593B07A}.Release|Any CPU.Build.0 = Release|Any CPU
	EndGlobalSection
	GlobalSection(SolutionProperties) = preSolution
		HideSolutionNode = FALSE
	EndGlobalSection
	GlobalSection(ExtensibilityGlobals) = postSolution
		SolutionGuid = {9D348806-5AE2-498D-B10A-FC411E80E46D}
	EndGlobalSection
EndGlobal
